
Microsoft Visual Studio Solution File, Format Version 12.00
Project("{2150E333-8FDC-42A3-9474-1A3956D46DE8}") = "Documents", "Documents", "{936A6EB2-06DB-46D5-8DD6-219239D9FA5E}"
EndProject
Project("{2150E333-8FDC-42A3-9474-1A3956D46DE8}") = "Src", "Src", "{6AAD4FEA-4281-4753-8458-9852CEFB7765}"
EndProject
Project("{2150E333-8FDC-42A3-9474-1A3956D46DE8}") = "Tests", "Tests", "{C5A23742-C06C-43A7-B497-EB9B7611C5F2}"
EndProject
Project("{2150E333-8FDC-42A3-9474-1A3956D46DE8}") = "Domain", "Domain", "{A86B6A9B-3AEF-4716-94BA-891839814103}"
EndProject
Project("{2150E333-8FDC-42A3-9474-1A3956D46DE8}") = "Application", "Application", "{FBA7E1DD-2B6B-4433-A623-60F7F648B1B9}"
EndProject
Project("{2150E333-8FDC-42A3-9474-1A3956D46DE8}") = "infrastructure", "infrastructure", "{2FFEFB1D-BC5D-44CA-B1DA-14DB0A9C2137}"
EndProject
Project("{2150E333-8FDC-42A3-9474-1A3956D46DE8}") = "Api", "Api", "{55618676-550A-42F9-AA75-BBC8728DF89C}"
EndProject
Project("{FAE04EC0-301F-11D3-BF4B-00C04F79EFBC}") = "DDDApplication.Domian.Core", "DDDApplication.Domian.Core\DDDApplication.Domian.Core.csproj", "{208E1804-10C7-4D83-9541-50E5893A57C4}"
EndProject
Project("{FAE04EC0-301F-11D3-BF4B-00C04F79EFBC}") = "DDDApplication.Infrastructure.Data", "DDDApplication.Infrastructure.Data\DDDApplication.Infrastructure.Data.csproj", "{BD7C124F-B9E2-4320-A3EA-3C0EE6768685}"
EndProject
Project("{FAE04EC0-301F-11D3-BF4B-00C04F79EFBC}") = "DDDApplication.Infrastructure", "DDDApplication.Infrastructure\DDDApplication.Infrastructure.csproj", "{1E9BA2C0-4B55-4B57-86C6-F03F7722D52D}"
EndProject
Project("{FAE04EC0-301F-11D3-BF4B-00C04F79EFBC}") = "DDDApplication.Application.Contract", "DDDApplication.Application.Contract\DDDApplication.Application.Contract.csproj", "{2F317AAD-C5A2-41B3-BE1D-83DE2D480794}"
EndProject
Project("{FAE04EC0-301F-11D3-BF4B-00C04F79EFBC}") = "DDDApplication.Api", "DDDApplication.Api\DDDApplication.Api.csproj", "{B9BF734F-D25F-47A1-9D1C-B8FBEBBE990D}"
EndProject
Global
	GlobalSection(SolutionConfigurationPlatforms) = preSolution
		Debug|Any CPU = Debug|Any CPU
		Release|Any CPU = Release|Any CPU
	EndGlobalSection
	GlobalSection(NestedProjects) = preSolution
		{A86B6A9B-3AEF-4716-94BA-891839814103} = {6AAD4FEA-4281-4753-8458-9852CEFB7765}
		{FBA7E1DD-2B6B-4433-A623-60F7F648B1B9} = {6AAD4FEA-4281-4753-8458-9852CEFB7765}
		{2FFEFB1D-BC5D-44CA-B1DA-14DB0A9C2137} = {6AAD4FEA-4281-4753-8458-9852CEFB7765}
		{55618676-550A-42F9-AA75-BBC8728DF89C} = {6AAD4FEA-4281-4753-8458-9852CEFB7765}
		{208E1804-10C7-4D83-9541-50E5893A57C4} = {A86B6A9B-3AEF-4716-94BA-891839814103}
		{BD7C124F-B9E2-4320-A3EA-3C0EE6768685} = {2FFEFB1D-BC5D-44CA-B1DA-14DB0A9C2137}
		{1E9BA2C0-4B55-4B57-86C6-F03F7722D52D} = {2FFEFB1D-BC5D-44CA-B1DA-14DB0A9C2137}
		{2F317AAD-C5A2-41B3-BE1D-83DE2D480794} = {FBA7E1DD-2B6B-4433-A623-60F7F648B1B9}
		{B9BF734F-D25F-47A1-9D1C-B8FBEBBE990D} = {55618676-550A-42F9-AA75-BBC8728DF89C}
	EndGlobalSection
	GlobalSection(ProjectConfigurationPlatforms) = postSolution
		{208E1804-10C7-4D83-9541-50E5893A57C4}.Debug|Any CPU.ActiveCfg = Debug|Any CPU
		{208E1804-10C7-4D83-9541-50E5893A57C4}.Debug|Any CPU.Build.0 = Debug|Any CPU
		{208E1804-10C7-4D83-9541-50E5893A57C4}.Release|Any CPU.ActiveCfg = Release|Any CPU
		{208E1804-10C7-4D83-9541-50E5893A57C4}.Release|Any CPU.Build.0 = Release|Any CPU
		{BD7C124F-B9E2-4320-A3EA-3C0EE6768685}.Debug|Any CPU.ActiveCfg = Debug|Any CPU
		{BD7C124F-B9E2-4320-A3EA-3C0EE6768685}.Debug|Any CPU.Build.0 = Debug|Any CPU
		{BD7C124F-B9E2-4320-A3EA-3C0EE6768685}.Release|Any CPU.ActiveCfg = Release|Any CPU
		{BD7C124F-B9E2-4320-A3EA-3C0EE6768685}.Release|Any CPU.Build.0 = Release|Any CPU
		{1E9BA2C0-4B55-4B57-86C6-F03F7722D52D}.Debug|Any CPU.ActiveCfg = Debug|Any CPU
		{1E9BA2C0-4B55-4B57-86C6-F03F7722D52D}.Debug|Any CPU.Build.0 = Debug|Any CPU
		{1E9BA2C0-4B55-4B57-86C6-F03F7722D52D}.Release|Any CPU.ActiveCfg = Release|Any CPU
		{1E9BA2C0-4B55-4B57-86C6-F03F7722D52D}.Release|Any CPU.Build.0 = Release|Any CPU
		{2F317AAD-C5A2-41B3-BE1D-83DE2D480794}.Debug|Any CPU.ActiveCfg = Debug|Any CPU
		{2F317AAD-C5A2-41B3-BE1D-83DE2D480794}.Debug|Any CPU.Build.0 = Debug|Any CPU
		{2F317AAD-C5A2-41B3-BE1D-83DE2D480794}.Release|Any CPU.ActiveCfg = Release|Any CPU
		{2F317AAD-C5A2-41B3-BE1D-83DE2D480794}.Release|Any CPU.Build.0 = Release|Any CPU
		{B9BF734F-D25F-47A1-9D1C-B8FBEBBE990D}.Debug|Any CPU.ActiveCfg = Debug|Any CPU
		{B9BF734F-D25F-47A1-9D1C-B8FBEBBE990D}.Debug|Any CPU.Build.0 = Debug|Any CPU
		{B9BF734F-D25F-47A1-9D1C-B8FBEBBE990D}.Release|Any CPU.ActiveCfg = Release|Any CPU
		{B9BF734F-D25F-47A1-9D1C-B8FBEBBE990D}.Release|Any CPU.Build.0 = Release|Any CPU
	EndGlobalSection
EndGlobal
